
Microsoft Visual Studio Solution File, Format Version 12.00
# Visual Studio 15
VisualStudioVersion = 15.0.27130.2010
MinimumVisualStudioVersion = 10.0.40219.1
Project("{FAE04EC0-301F-11D3-BF4B-00C04F79EFBC}") = "CMMUI", "CMM\CMMUI.csproj", "{3549D63A-6AD8-41C2-9527-39D38DC15EA0}"
EndProject
Project("{FAE04EC0-301F-11D3-BF4B-00C04F79EFBC}") = "CMMProgram", "CMMProgram\CMMProgram.csproj", "{E3A72961-4CB2-4966-9953-D7058747FBCF}"
EndProject
Project("{FAE04EC0-301F-11D3-BF4B-00C04F79EFBC}") = "CMMToolUI", "CMMTool\CMMToolUI.csproj", "{B82F3151-D1EF-48E0-999A-DC8A5BB724B4}"
EndProject
Project("{FAE04EC0-301F-11D3-BF4B-00C04F79EFBC}") = "CMM", "CMMUI\CMM.csproj", "{347376C3-4B79-4C48-864B-08BA9A0239BA}"
EndProject
Project("{FAE04EC0-301F-11D3-BF4B-00C04F79EFBC}") = "CSharpProxy", "CSharpProxy\CSharpProxy.csproj", "{89348461-450D-4213-9FC4-C12A64E60A96}"
EndProject
Project("{FAE04EC0-301F-11D3-BF4B-00C04F79EFBC}") = "EactTool", "EactTool\EactTool.csproj", "{0BAB8AE1-2397-41C2-8946-7689B3E164C6}"
EndProject
Project("{FAE04EC0-301F-11D3-BF4B-00C04F79EFBC}") = "AutoPrtTool", "AutoPrtTool\AutoPrtTool.csproj", "{8B655BEA-3044-4A96-8A09-6E6C652E5679}"
EndProject
Project("{FAE04EC0-301F-11D3-BF4B-00C04F79EFBC}") = "CMMManualUI", "CMMManual\CMMManualUI.csproj", "{4817A577-0922-40D3-B110-2CDACEDBE0F6}"
EndProject
Project("{FAE04EC0-301F-11D3-BF4B-00C04F79EFBC}") = "CMMManual", "CMMManualUI\CMMManual.csproj", "{3D27C9EB-3F85-4005-9583-8C835FE86984}"
EndProject
Project("{FAE04EC0-301F-11D3-BF4B-00C04F79EFBC}") = "EdmDrawUI", "EdmDraw\EdmDrawUI.csproj", "{E02F0664-9BE4-4B87-8BBC-186F46C33E69}"
EndProject
Project("{FAE04EC0-301F-11D3-BF4B-00C04F79EFBC}") = "CMMTool", "CMMToolEx\CMMTool.csproj", "{EB2F88D0-4230-4C30-95AF-7EB4CC217A19}"
EndProject
Project("{FAE04EC0-301F-11D3-BF4B-00C04F79EFBC}") = "EdmDraw", "EdmDrawUI\EdmDraw.csproj", "{C800B7D0-104E-4504-AD30-F8E820195A09}"
EndProject
Project("{FAE04EC0-301F-11D3-BF4B-00C04F79EFBC}") = "CMMProgramX86", "CMMProgramX86\CMMProgramX86.csproj", "{0CBAA42F-3B52-476A-87A8-3124053D0EA7}"
EndProject
Project("{FAE04EC0-301F-11D3-BF4B-00C04F79EFBC}") = "AutoCAM", "AutoCAM\AutoCAM.csproj", "{7CE3E0D0-C086-49BF-A732-E2B169CDB984}"
EndProject
Project("{FAE04EC0-301F-11D3-BF4B-00C04F79EFBC}") = "AutoCAMUI", "AutoCAMUI\AutoCAMUI.csproj", "{4D71CC89-2A3E-4B0E-AA1B-5B05C6133762}"
EndProject
Project("{FAE04EC0-301F-11D3-BF4B-00C04F79EFBC}") = "CheckRegions", "CheckRegions\CheckRegions.csproj", "{A2E25A3B-370F-4081-8D8D-462839BD98FB}"
EndProject
Global
	GlobalSection(SolutionConfigurationPlatforms) = preSolution
		Debug|Any CPU = Debug|Any CPU
		Release|Any CPU = Release|Any CPU
	EndGlobalSection
	GlobalSection(ProjectConfigurationPlatforms) = postSolution
		{3549D63A-6AD8-41C2-9527-39D38DC15EA0}.Debug|Any CPU.ActiveCfg = Debug|Any CPU
		{3549D63A-6AD8-41C2-9527-39D38DC15EA0}.Debug|Any CPU.Build.0 = Debug|Any CPU
		{3549D63A-6AD8-41C2-9527-39D38DC15EA0}.Release|Any CPU.ActiveCfg = Release|Any CPU
		{3549D63A-6AD8-41C2-9527-39D38DC15EA0}.Release|Any CPU.Build.0 = Release|Any CPU
		{E3A72961-4CB2-4966-9953-D7058747FBCF}.Debug|Any CPU.ActiveCfg = Debug|Any CPU
		{E3A72961-4CB2-4966-9953-D7058747FBCF}.Debug|Any CPU.Build.0 = Debug|Any CPU
		{E3A72961-4CB2-4966-9953-D7058747FBCF}.Release|Any CPU.ActiveCfg = Release|Any CPU
		{E3A72961-4CB2-4966-9953-D7058747FBCF}.Release|Any CPU.Build.0 = Release|Any CPU
		{B82F3151-D1EF-48E0-999A-DC8A5BB724B4}.Debug|Any CPU.ActiveCfg = Debug|Any CPU
		{B82F3151-D1EF-48E0-999A-DC8A5BB724B4}.Debug|Any CPU.Build.0 = Debug|Any CPU
		{B82F3151-D1EF-48E0-999A-DC8A5BB724B4}.Release|Any CPU.ActiveCfg = Release|Any CPU
		{B82F3151-D1EF-48E0-999A-DC8A5BB724B4}.Release|Any CPU.Build.0 = Release|Any CPU
		{347376C3-4B79-4C48-864B-08BA9A0239BA}.Debug|Any CPU.ActiveCfg = Debug|Any CPU
		{347376C3-4B79-4C48-864B-08BA9A0239BA}.Debug|Any CPU.Build.0 = Debug|Any CPU
		{347376C3-4B79-4C48-864B-08BA9A0239BA}.Release|Any CPU.ActiveCfg = Release|Any CPU
		{347376C3-4B79-4C48-864B-08BA9A0239BA}.Release|Any CPU.Build.0 = Release|Any CPU
		{89348461-450D-4213-9FC4-C12A64E60A96}.Debug|Any CPU.ActiveCfg = Debug|Any CPU
		{89348461-450D-4213-9FC4-C12A64E60A96}.Debug|Any CPU.Build.0 = Debug|Any CPU
		{89348461-450D-4213-9FC4-C12A64E60A96}.Release|Any CPU.ActiveCfg = Release|Any CPU
		{89348461-450D-4213-9FC4-C12A64E60A96}.Release|Any CPU.Build.0 = Release|Any CPU
		{0BAB8AE1-2397-41C2-8946-7689B3E164C6}.Debug|Any CPU.ActiveCfg = Debug|Any CPU
		{0BAB8AE1-2397-41C2-8946-7689B3E164C6}.Debug|Any CPU.Build.0 = Debug|Any CPU
		{0BAB8AE1-2397-41C2-8946-7689B3E164C6}.Release|Any CPU.ActiveCfg = Release|Any CPU
		{0BAB8AE1-2397-41C2-8946-7689B3E164C6}.Release|Any CPU.Build.0 = Release|Any CPU
		{8B655BEA-3044-4A96-8A09-6E6C652E5679}.Debug|Any CPU.ActiveCfg = Debug|Any CPU
		{8B655BEA-3044-4A96-8A09-6E6C652E5679}.Debug|Any CPU.Build.0 = Debug|Any CPU
		{8B655BEA-3044-4A96-8A09-6E6C652E5679}.Release|Any CPU.ActiveCfg = Release|Any CPU
		{8B655BEA-3044-4A96-8A09-6E6C652E5679}.Release|Any CPU.Build.0 = Release|Any CPU
		{4817A577-0922-40D3-B110-2CDACEDBE0F6}.Debug|Any CPU.ActiveCfg = Debug|Any CPU
		{4817A577-0922-40D3-B110-2CDACEDBE0F6}.Debug|Any CPU.Build.0 = Debug|Any CPU
		{4817A577-0922-40D3-B110-2CDACEDBE0F6}.Release|Any CPU.ActiveCfg = Release|Any CPU
		{4817A577-0922-40D3-B110-2CDACEDBE0F6}.Release|Any CPU.Build.0 = Release|Any CPU
		{3D27C9EB-3F85-4005-9583-8C835FE86984}.Debug|Any CPU.ActiveCfg = Debug|Any CPU
		{3D27C9EB-3F85-4005-9583-8C835FE86984}.Debug|Any CPU.Build.0 = Debug|Any CPU
		{3D27C9EB-3F85-4005-9583-8C835FE86984}.Release|Any CPU.ActiveCfg = Release|Any CPU
		{3D27C9EB-3F85-4005-9583-8C835FE86984}.Release|Any CPU.Build.0 = Release|Any CPU
		{E02F0664-9BE4-4B87-8BBC-186F46C33E69}.Debug|Any CPU.ActiveCfg = Debug|Any CPU
		{E02F0664-9BE4-4B87-8BBC-186F46C33E69}.Debug|Any CPU.Build.0 = Debug|Any CPU
		{E02F0664-9BE4-4B87-8BBC-186F46C33E69}.Release|Any CPU.ActiveCfg = Release|Any CPU
		{E02F0664-9BE4-4B87-8BBC-186F46C33E69}.Release|Any CPU.Build.0 = Release|Any CPU
		{EB2F88D0-4230-4C30-95AF-7EB4CC217A19}.Debug|Any CPU.ActiveCfg = Debug|Any CPU
		{EB2F88D0-4230-4C30-95AF-7EB4CC217A19}.Debug|Any CPU.Build.0 = Debug|Any CPU
		{EB2F88D0-4230-4C30-95AF-7EB4CC217A19}.Release|Any CPU.ActiveCfg = Release|Any CPU
		{EB2F88D0-4230-4C30-95AF-7EB4CC217A19}.Release|Any CPU.Build.0 = Release|Any CPU
		{C800B7D0-104E-4504-AD30-F8E820195A09}.Debug|Any CPU.ActiveCfg = Debug|Any CPU
		{C800B7D0-104E-4504-AD30-F8E820195A09}.Debug|Any CPU.Build.0 = Debug|Any CPU
		{C800B7D0-104E-4504-AD30-F8E820195A09}.Release|Any CPU.ActiveCfg = Release|Any CPU
		{C800B7D0-104E-4504-AD30-F8E820195A09}.Release|Any CPU.Build.0 = Release|Any CPU
		{0CBAA42F-3B52-476A-87A8-3124053D0EA7}.Debug|Any CPU.ActiveCfg = Debug|Any CPU
		{0CBAA42F-3B52-476A-87A8-3124053D0EA7}.Debug|Any CPU.Build.0 = Debug|Any CPU
		{0CBAA42F-3B52-476A-87A8-3124053D0EA7}.Release|Any CPU.ActiveCfg = Release|Any CPU
		{0CBAA42F-3B52-476A-87A8-3124053D0EA7}.Release|Any CPU.Build.0 = Release|Any CPU
		{7CE3E0D0-C086-49BF-A732-E2B169CDB984}.Debug|Any CPU.ActiveCfg = Debug|Any CPU
		{7CE3E0D0-C086-49BF-A732-E2B169CDB984}.Debug|Any CPU.Build.0 = Debug|Any CPU
		{7CE3E0D0-C086-49BF-A732-E2B169CDB984}.Release|Any CPU.ActiveCfg = Release|Any CPU
		{7CE3E0D0-C086-49BF-A732-E2B169CDB984}.Release|Any CPU.Build.0 = Release|Any CPU
		{4D71CC89-2A3E-4B0E-AA1B-5B05C6133762}.Debug|Any CPU.ActiveCfg = Debug|Any CPU
		{4D71CC89-2A3E-4B0E-AA1B-5B05C6133762}.Debug|Any CPU.Build.0 = Debug|Any CPU
		{4D71CC89-2A3E-4B0E-AA1B-5B05C6133762}.Release|Any CPU.ActiveCfg = Release|Any CPU
		{4D71CC89-2A3E-4B0E-AA1B-5B05C6133762}.Release|Any CPU.Build.0 = Release|Any CPU
		{A2E25A3B-370F-4081-8D8D-462839BD98FB}.Debug|Any CPU.ActiveCfg = Debug|Any CPU
		{A2E25A3B-370F-4081-8D8D-462839BD98FB}.Debug|Any CPU.Build.0 = Debug|Any CPU
		{A2E25A3B-370F-4081-8D8D-462839BD98FB}.Release|Any CPU.ActiveCfg = Release|Any CPU
		{A2E25A3B-370F-4081-8D8D-462839BD98FB}.Release|Any CPU.Build.0 = Release|Any CPU
	EndGlobalSection
	GlobalSection(SolutionProperties) = preSolution
		HideSolutionNode = FALSE
	EndGlobalSection
	GlobalSection(ExtensibilityGlobals) = postSolution
		SolutionGuid = {F09998DD-1CA8-4BAD-9DF5-BC1C5595E9C2}
	EndGlobalSection
EndGlobal
