
Microsoft Visual Studio Solution File, Format Version 12.00
# Visual Studio 15
VisualStudioVersion = 15.0.27130.2010
MinimumVisualStudioVersion = 10.0.40219.1
Project("{FAE04EC0-301F-11D3-BF4B-00C04F79EFBC}") = "CMM", "CMM\CMM.csproj", "{3549D63A-6AD8-41C2-9527-39D38DC15EA0}"
EndProject
Project("{FAE04EC0-301F-11D3-BF4B-00C04F79EFBC}") = "CMMProgram", "CMMProgram\CMMProgram.csproj", "{E3A72961-4CB2-4966-9953-D7058747FBCF}"
EndProject
Project("{FAE04EC0-301F-11D3-BF4B-00C04F79EFBC}") = "CMMTool", "CMMTool\CMMTool.csproj", "{B82F3151-D1EF-48E0-999A-DC8A5BB724B4}"
EndProject
Project("{FAE04EC0-301F-11D3-BF4B-00C04F79EFBC}") = "CMMUI", "CMMUI\CMMUI.csproj", "{347376C3-4B79-4C48-864B-08BA9A0239BA}"
EndProject
Global
	GlobalSection(SolutionConfigurationPlatforms) = preSolution
		Debug|Any CPU = Debug|Any CPU
		Release|Any CPU = Release|Any CPU
	EndGlobalSection
	GlobalSection(ProjectConfigurationPlatforms) = postSolution
		{3549D63A-6AD8-41C2-9527-39D38DC15EA0}.Debug|Any CPU.ActiveCfg = Debug|Any CPU
		{3549D63A-6AD8-41C2-9527-39D38DC15EA0}.Debug|Any CPU.Build.0 = Debug|Any CPU
		{3549D63A-6AD8-41C2-9527-39D38DC15EA0}.Release|Any CPU.ActiveCfg = Release|Any CPU
		{3549D63A-6AD8-41C2-9527-39D38DC15EA0}.Release|Any CPU.Build.0 = Release|Any CPU
		{E3A72961-4CB2-4966-9953-D7058747FBCF}.Debug|Any CPU.ActiveCfg = Debug|Any CPU
		{E3A72961-4CB2-4966-9953-D7058747FBCF}.Debug|Any CPU.Build.0 = Debug|Any CPU
		{E3A72961-4CB2-4966-9953-D7058747FBCF}.Release|Any CPU.ActiveCfg = Release|Any CPU
		{E3A72961-4CB2-4966-9953-D7058747FBCF}.Release|Any CPU.Build.0 = Release|Any CPU
		{B82F3151-D1EF-48E0-999A-DC8A5BB724B4}.Debug|Any CPU.ActiveCfg = Debug|Any CPU
		{B82F3151-D1EF-48E0-999A-DC8A5BB724B4}.Debug|Any CPU.Build.0 = Debug|Any CPU
		{B82F3151-D1EF-48E0-999A-DC8A5BB724B4}.Release|Any CPU.ActiveCfg = Release|Any CPU
		{B82F3151-D1EF-48E0-999A-DC8A5BB724B4}.Release|Any CPU.Build.0 = Release|Any CPU
		{347376C3-4B79-4C48-864B-08BA9A0239BA}.Debug|Any CPU.ActiveCfg = Debug|Any CPU
		{347376C3-4B79-4C48-864B-08BA9A0239BA}.Debug|Any CPU.Build.0 = Debug|Any CPU
		{347376C3-4B79-4C48-864B-08BA9A0239BA}.Release|Any CPU.ActiveCfg = Release|Any CPU
		{347376C3-4B79-4C48-864B-08BA9A0239BA}.Release|Any CPU.Build.0 = Release|Any CPU
	EndGlobalSection
	GlobalSection(SolutionProperties) = preSolution
		HideSolutionNode = FALSE
	EndGlobalSection
	GlobalSection(ExtensibilityGlobals) = postSolution
		SolutionGuid = {F09998DD-1CA8-4BAD-9DF5-BC1C5595E9C2}
	EndGlobalSection
EndGlobal
